// !$*UTF8*$!
{
	archiveVersion = 1;
	classes = {
	};
	objectVersion = 46;
	objects = {

/* Begin PBXBuildFile section */
		7102D4481F8F7C250018422C /* YPPageView.m in Sources */ = {isa = PBXBuildFile; fileRef = 7102D4471F8F7C250018422C /* YPPageView.m */; };
		7109CC0D1F38175200462EA8 /* main.m in Sources */ = {isa = PBXBuildFile; fileRef = 7109CC0C1F38175200462EA8 /* main.m */; };
		7109CC101F38175200462EA8 /* AppDelegate.m in Sources */ = {isa = PBXBuildFile; fileRef = 7109CC0F1F38175200462EA8 /* AppDelegate.m */; };
		7109CC281F3859C500462EA8 /* MyMusicViewController.m in Sources */ = {isa = PBXBuildFile; fileRef = 7109CC261F3859C500462EA8 /* MyMusicViewController.m */; };
		7109CC291F3859C500462EA8 /* MyMusicViewController.xib in Resources */ = {isa = PBXBuildFile; fileRef = 7109CC271F3859C500462EA8 /* MyMusicViewController.xib */; };
		7109CC2D1F385A2900462EA8 /* DiscoverViewController.m in Sources */ = {isa = PBXBuildFile; fileRef = 7109CC2B1F385A2900462EA8 /* DiscoverViewController.m */; };
		7113BAB21FF10BB000806430 /* YPMySelfTableViewCell.m in Sources */ = {isa = PBXBuildFile; fileRef = 7113BAB11FF10BB000806430 /* YPMySelfTableViewCell.m */; };
		7113BAB61FF3CDCC00806430 /* YPTransformView.m in Sources */ = {isa = PBXBuildFile; fileRef = 7113BAB51FF3CDCC00806430 /* YPTransformView.m */; };
		7113BABC1FF3D5AB00806430 /* YPTransformView.storyboard in Resources */ = {isa = PBXBuildFile; fileRef = 7113BABB1FF3D5AB00806430 /* YPTransformView.storyboard */; };
		7113BAC01FF4E52000806430 /* YPhitTestViewController.m in Sources */ = {isa = PBXBuildFile; fileRef = 7113BABF1FF4E52000806430 /* YPhitTestViewController.m */; };
		7113BAC81FF4E6B100806430 /* YPhitTestView.m in Sources */ = {isa = PBXBuildFile; fileRef = 7113BAC71FF4E6B100806430 /* YPhitTestView.m */; };
		713B0E631FE10DF0005AF7DD /* YPShoppingViewController.m in Sources */ = {isa = PBXBuildFile; fileRef = 713B0E621FE10DF0005AF7DD /* YPShoppingViewController.m */; };
		713B0E651FE10E16005AF7DD /* YPShoppingView.storyboard in Resources */ = {isa = PBXBuildFile; fileRef = 713B0E641FE10E16005AF7DD /* YPShoppingView.storyboard */; };
		713B0E661FE11997005AF7DD /* YPShoppingViewController.h in Sources */ = {isa = PBXBuildFile; fileRef = 713B0E611FE10DF0005AF7DD /* YPShoppingViewController.h */; };
		713B0E691FE148D1005AF7DD /* YPShoppingCell.m in Sources */ = {isa = PBXBuildFile; fileRef = 713B0E681FE148D1005AF7DD /* YPShoppingCell.m */; };
		713ECAAD1FD030B900BBA43D /* LaunchScreen.storyboard in Resources */ = {isa = PBXBuildFile; fileRef = 713ECAAC1FD030B900BBA43D /* LaunchScreen.storyboard */; };
		713ECE671FC6EADA0022CDFD /* statuses.plist in Resources */ = {isa = PBXBuildFile; fileRef = 713ECE661FC6E8400022CDFD /* statuses.plist */; };
		714B26B71FAF343100356E99 /* YPAccountController.m in Sources */ = {isa = PBXBuildFile; fileRef = 714B26B61FAF343100356E99 /* YPAccountController.m */; };
		714B26BC1FAF3B9700356E99 /* YPSetting.m in Sources */ = {isa = PBXBuildFile; fileRef = 714B26BB1FAF3B9700356E99 /* YPSetting.m */; };
		714B26BE1FAF3BB600356E99 /* YPSetting.storyboard in Resources */ = {isa = PBXBuildFile; fileRef = 714B26BD1FAF3BB600356E99 /* YPSetting.storyboard */; };
		7153CDA91FA34F17003A3375 /* dict_mode.m in Sources */ = {isa = PBXBuildFile; fileRef = 7153CDA81FA34F17003A3375 /* dict_mode.m */; };
		7153CDAC1FA35071003A3375 /* Mode.m in Sources */ = {isa = PBXBuildFile; fileRef = 7153CDAB1FA35071003A3375 /* Mode.m */; };
		7153CDAE1FA488D0003A3375 /* list.plist in Resources */ = {isa = PBXBuildFile; fileRef = 7153CDAD1FA488D0003A3375 /* list.plist */; };
		7153CDB51FAA042E003A3375 /* YPTGView.m in Sources */ = {isa = PBXBuildFile; fileRef = 7153CDB41FAA042E003A3375 /* YPTGView.m */; };
		7153CDB81FAA0E03003A3375 /* YPtgMode.m in Sources */ = {isa = PBXBuildFile; fileRef = 7153CDB71FAA0E03003A3375 /* YPtgMode.m */; };
		7153CDBC1FAAB3B0003A3375 /* YPTGViewController.m in Sources */ = {isa = PBXBuildFile; fileRef = 7153CDBB1FAAB3B0003A3375 /* YPTGViewController.m */; };
		7153CDC31FAB5CE6003A3375 /* tgs.plist in Resources */ = {isa = PBXBuildFile; fileRef = 7153CDC21FAB5CCB003A3375 /* tgs.plist */; };
		71644F7F1FC55D6F00A1E9C1 /* MJExtension.h in Sources */ = {isa = PBXBuildFile; fileRef = 714B26981FAC4A8B00356E99 /* MJExtension.h */; };
		71644F801FC55D6F00A1E9C1 /* MJExtensionConst.h in Sources */ = {isa = PBXBuildFile; fileRef = 714B26991FAC4A8B00356E99 /* MJExtensionConst.h */; };
		71644F811FC55D6F00A1E9C1 /* MJExtensionConst.m in Sources */ = {isa = PBXBuildFile; fileRef = 714B269A1FAC4A8B00356E99 /* MJExtensionConst.m */; };
		71644F821FC55D6F00A1E9C1 /* MJFoundation.h in Sources */ = {isa = PBXBuildFile; fileRef = 714B269B1FAC4A8B00356E99 /* MJFoundation.h */; };
		71644F831FC55D6F00A1E9C1 /* MJFoundation.m in Sources */ = {isa = PBXBuildFile; fileRef = 714B269C1FAC4A8B00356E99 /* MJFoundation.m */; };
		71644F841FC55D6F00A1E9C1 /* MJProperty.h in Sources */ = {isa = PBXBuildFile; fileRef = 714B269D1FAC4A8B00356E99 /* MJProperty.h */; };
		71644F851FC55D6F00A1E9C1 /* MJProperty.m in Sources */ = {isa = PBXBuildFile; fileRef = 714B269E1FAC4A8B00356E99 /* MJProperty.m */; };
		71644F861FC55D6F00A1E9C1 /* MJPropertyKey.h in Sources */ = {isa = PBXBuildFile; fileRef = 714B269F1FAC4A8B00356E99 /* MJPropertyKey.h */; };
		71644F871FC55D6F00A1E9C1 /* MJPropertyKey.m in Sources */ = {isa = PBXBuildFile; fileRef = 714B26A01FAC4A8B00356E99 /* MJPropertyKey.m */; };
		71644F881FC55D6F00A1E9C1 /* MJPropertyType.h in Sources */ = {isa = PBXBuildFile; fileRef = 714B26A11FAC4A8B00356E99 /* MJPropertyType.h */; };
		71644F891FC55D6F00A1E9C1 /* MJPropertyType.m in Sources */ = {isa = PBXBuildFile; fileRef = 714B26A21FAC4A8B00356E99 /* MJPropertyType.m */; };
		71644F8A1FC55D6F00A1E9C1 /* NSObject+MJClass.h in Sources */ = {isa = PBXBuildFile; fileRef = 714B26A31FAC4A8B00356E99 /* NSObject+MJClass.h */; };
		71644F8B1FC55D6F00A1E9C1 /* NSObject+MJClass.m in Sources */ = {isa = PBXBuildFile; fileRef = 714B26A41FAC4A8B00356E99 /* NSObject+MJClass.m */; };
		71644F8C1FC55D6F00A1E9C1 /* NSObject+MJCoding.h in Sources */ = {isa = PBXBuildFile; fileRef = 714B26A51FAC4A8B00356E99 /* NSObject+MJCoding.h */; };
		71644F8D1FC55D6F00A1E9C1 /* NSObject+MJCoding.m in Sources */ = {isa = PBXBuildFile; fileRef = 714B26A61FAC4A8B00356E99 /* NSObject+MJCoding.m */; };
		71644F8E1FC55D6F00A1E9C1 /* NSObject+MJKeyValue.h in Sources */ = {isa = PBXBuildFile; fileRef = 714B26A71FAC4A8B00356E99 /* NSObject+MJKeyValue.h */; };
		71644F8F1FC55D6F00A1E9C1 /* NSObject+MJKeyValue.m in Sources */ = {isa = PBXBuildFile; fileRef = 714B26A81FAC4A8B00356E99 /* NSObject+MJKeyValue.m */; };
		71644F901FC55D6F00A1E9C1 /* NSObject+MJProperty.h in Sources */ = {isa = PBXBuildFile; fileRef = 714B26A91FAC4A8B00356E99 /* NSObject+MJProperty.h */; };
		71644F911FC55D6F00A1E9C1 /* NSObject+MJProperty.m in Sources */ = {isa = PBXBuildFile; fileRef = 714B26AA1FAC4A8B00356E99 /* NSObject+MJProperty.m */; };
		71644F921FC55D6F00A1E9C1 /* NSString+MJExtension.h in Sources */ = {isa = PBXBuildFile; fileRef = 714B26AB1FAC4A8B00356E99 /* NSString+MJExtension.h */; };
		71644F931FC55D6F00A1E9C1 /* NSString+MJExtension.m in Sources */ = {isa = PBXBuildFile; fileRef = 714B26AC1FAC4A8B00356E99 /* NSString+MJExtension.m */; };
		7199163A1FB1C739005056F7 /* YPStatusViewController.m in Sources */ = {isa = PBXBuildFile; fileRef = 719916391FB1C739005056F7 /* YPStatusViewController.m */; };
		7199163D1FB1C7A1005056F7 /* YPStatus.m in Sources */ = {isa = PBXBuildFile; fileRef = 7199163C1FB1C7A1005056F7 /* YPStatus.m */; };
		719916411FB1C99F005056F7 /* YPStatusCell.m in Sources */ = {isa = PBXBuildFile; fileRef = 719916401FB1C99F005056F7 /* YPStatusCell.m */; };
		71BC1EA01FD6E2760026117D /* YPTableBarViewController.m in Sources */ = {isa = PBXBuildFile; fileRef = 71BC1E9F1FD6E2760026117D /* YPTableBarViewController.m */; };
		71BC1F231FD7E4EA0026117D /* MASCompositeConstraint.h in Sources */ = {isa = PBXBuildFile; fileRef = 71BC1F0A1FD7E4790026117D /* MASCompositeConstraint.h */; };
		71BC1F241FD7E4EA0026117D /* MASCompositeConstraint.m in Sources */ = {isa = PBXBuildFile; fileRef = 71BC1F0B1FD7E4790026117D /* MASCompositeConstraint.m */; };
		71BC1F251FD7E4EA0026117D /* MASConstraint+Private.h in Sources */ = {isa = PBXBuildFile; fileRef = 71BC1F0C1FD7E4790026117D /* MASConstraint+Private.h */; };
		71BC1F261FD7E4EA0026117D /* MASConstraint.h in Sources */ = {isa = PBXBuildFile; fileRef = 71BC1F0D1FD7E4790026117D /* MASConstraint.h */; };
		71BC1F271FD7E4EA0026117D /* MASConstraint.m in Sources */ = {isa = PBXBuildFile; fileRef = 71BC1F0E1FD7E4790026117D /* MASConstraint.m */; };
		71BC1F281FD7E4EA0026117D /* MASConstraintMaker.h in Sources */ = {isa = PBXBuildFile; fileRef = 71BC1F0F1FD7E4790026117D /* MASConstraintMaker.h */; };
		71BC1F291FD7E4EA0026117D /* MASConstraintMaker.m in Sources */ = {isa = PBXBuildFile; fileRef = 71BC1F101FD7E4790026117D /* MASConstraintMaker.m */; };
		71BC1F2A1FD7E4EA0026117D /* MASLayoutConstraint.h in Sources */ = {isa = PBXBuildFile; fileRef = 71BC1F111FD7E4790026117D /* MASLayoutConstraint.h */; };
		71BC1F2B1FD7E4EA0026117D /* MASLayoutConstraint.m in Sources */ = {isa = PBXBuildFile; fileRef = 71BC1F121FD7E4790026117D /* MASLayoutConstraint.m */; };
		71BC1F2C1FD7E4EA0026117D /* Masonry.h in Sources */ = {isa = PBXBuildFile; fileRef = 71BC1F131FD7E4790026117D /* Masonry.h */; };
		71BC1F2D1FD7E4EA0026117D /* MASUtilities.h in Sources */ = {isa = PBXBuildFile; fileRef = 71BC1F141FD7E4790026117D /* MASUtilities.h */; };
		71BC1F2E1FD7E4EA0026117D /* MASViewAttribute.h in Sources */ = {isa = PBXBuildFile; fileRef = 71BC1F151FD7E4790026117D /* MASViewAttribute.h */; };
		71BC1F2F1FD7E4EA0026117D /* MASViewAttribute.m in Sources */ = {isa = PBXBuildFile; fileRef = 71BC1F161FD7E4790026117D /* MASViewAttribute.m */; };
		71BC1F301FD7E4EA0026117D /* MASViewConstraint.h in Sources */ = {isa = PBXBuildFile; fileRef = 71BC1F171FD7E4790026117D /* MASViewConstraint.h */; };
		71BC1F311FD7E4EA0026117D /* MASViewConstraint.m in Sources */ = {isa = PBXBuildFile; fileRef = 71BC1F181FD7E4790026117D /* MASViewConstraint.m */; };
		71BC1F321FD7E4EA0026117D /* NSArray+MASAdditions.h in Sources */ = {isa = PBXBuildFile; fileRef = 71BC1F191FD7E4790026117D /* NSArray+MASAdditions.h */; };
		71BC1F331FD7E4EA0026117D /* NSArray+MASAdditions.m in Sources */ = {isa = PBXBuildFile; fileRef = 71BC1F1A1FD7E4790026117D /* NSArray+MASAdditions.m */; };
		71BC1F341FD7E4EA0026117D /* NSArray+MASShorthandAdditions.h in Sources */ = {isa = PBXBuildFile; fileRef = 71BC1F1B1FD7E4790026117D /* NSArray+MASShorthandAdditions.h */; };
		71BC1F351FD7E4EA0026117D /* NSLayoutConstraint+MASDebugAdditions.h in Sources */ = {isa = PBXBuildFile; fileRef = 71BC1F1C1FD7E4790026117D /* NSLayoutConstraint+MASDebugAdditions.h */; };
		71BC1F361FD7E4EA0026117D /* NSLayoutConstraint+MASDebugAdditions.m in Sources */ = {isa = PBXBuildFile; fileRef = 71BC1F1D1FD7E4790026117D /* NSLayoutConstraint+MASDebugAdditions.m */; };
		71BC1F371FD7E4EA0026117D /* View+MASAdditions.h in Sources */ = {isa = PBXBuildFile; fileRef = 71BC1F1E1FD7E4790026117D /* View+MASAdditions.h */; };
		71BC1F381FD7E4EA0026117D /* View+MASAdditions.m in Sources */ = {isa = PBXBuildFile; fileRef = 71BC1F1F1FD7E4790026117D /* View+MASAdditions.m */; };
		71BC1F391FD7E4EA0026117D /* View+MASShorthandAdditions.h in Sources */ = {isa = PBXBuildFile; fileRef = 71BC1F201FD7E4790026117D /* View+MASShorthandAdditions.h */; };
		71BC1F3A1FD7E4EA0026117D /* ViewController+MASAdditions.h in Sources */ = {isa = PBXBuildFile; fileRef = 71BC1F211FD7E4790026117D /* ViewController+MASAdditions.h */; };
		71BC1F3B1FD7E4EA0026117D /* ViewController+MASAdditions.m in Sources */ = {isa = PBXBuildFile; fileRef = 71BC1F221FD7E4790026117D /* ViewController+MASAdditions.m */; };
		71BC1F421FD7EF370026117D /* YPDiscoverTabBarViewController.m in Sources */ = {isa = PBXBuildFile; fileRef = 71BC1F411FD7EF370026117D /* YPDiscoverTabBarViewController.m */; };
		71BC1F471FD80AA70026117D /* YPRefurbishViewController.m in Sources */ = {isa = PBXBuildFile; fileRef = 71BC1F461FD80AA70026117D /* YPRefurbishViewController.m */; };
		71BC1F4D1FD8129A0026117D /* YPRefurbishTableViewCell.m in Sources */ = {isa = PBXBuildFile; fileRef = 71BC1F4C1FD8129A0026117D /* YPRefurbishTableViewCell.m */; };
		71BC1F511FD813130026117D /* YPWine.m in Sources */ = {isa = PBXBuildFile; fileRef = 71BC1F501FD813130026117D /* YPWine.m */; };
		71BC1F571FD83C400026117D /* wine.plist in Resources */ = {isa = PBXBuildFile; fileRef = 71BC1F521FD81CE90026117D /* wine.plist */; };
		71CA5A131FD970B2004AF2F4 /* YPRefurbishView.storyboard in Resources */ = {isa = PBXBuildFile; fileRef = 71CA5A121FD97072004AF2F4 /* YPRefurbishView.storyboard */; };
		71D68E761F90F49100932B83 /* YPPageView.xib in Resources */ = {isa = PBXBuildFile; fileRef = 71D68E751F90F49100932B83 /* YPPageView.xib */; };
		71DD987B1FF4ED25000EFEBB /* YPhitTestViewController.storyboard in Resources */ = {isa = PBXBuildFile; fileRef = 71DD987A1FF4ED25000EFEBB /* YPhitTestViewController.storyboard */; };
		71E12B722011A07100170236 /* YPhitButton.m in Sources */ = {isa = PBXBuildFile; fileRef = 71E12B712011A07100170236 /* YPhitButton.m */; };
		71E12B762013323D00170236 /* YPDragerViewController.m in Sources */ = {isa = PBXBuildFile; fileRef = 71E12B752013323D00170236 /* YPDragerViewController.m */; };
		71E12B792021753F00170236 /* YPDragerTableViewController.m in Sources */ = {isa = PBXBuildFile; fileRef = 71E12B782021753F00170236 /* YPDragerTableViewController.m */; };
		71E12B7D2025AD9200170236 /* YPProgresViewController.m in Sources */ = {isa = PBXBuildFile; fileRef = 71E12B7C2025AD9200170236 /* YPProgresViewController.m */; };
		71E12B7F2025ADEB00170236 /* YPProgressView.storyboard in Resources */ = {isa = PBXBuildFile; fileRef = 71E12B7E2025ADEB00170236 /* YPProgressView.storyboard */; };
		71E12B822025AE8700170236 /* YPProgressView.m in Sources */ = {isa = PBXBuildFile; fileRef = 71E12B812025AE8700170236 /* YPProgressView.m */; };
		71EA123C1F454178005B52FC /* Assets.xcassets in Resources */ = {isa = PBXBuildFile; fileRef = 71EA123B1F454178005B52FC /* Assets.xcassets */; };
		71FDEFB71FE2637D0081B1D7 /* YPShoppingButton.m in Sources */ = {isa = PBXBuildFile; fileRef = 71FDEFB61FE2637D0081B1D7 /* YPShoppingButton.m */; };
		71FDEFBE1FE931A20081B1D7 /* YPSettingTableViewController.m in Sources */ = {isa = PBXBuildFile; fileRef = 71FDEFBD1FE931A20081B1D7 /* YPSettingTableViewController.m */; };
		71FDEFC21FEBD5060081B1D7 /* YPMySelfTableViewController.m in Sources */ = {isa = PBXBuildFile; fileRef = 71FDEFC11FEBD5060081B1D7 /* YPMySelfTableViewController.m */; };
		71FDEFC81FEBDDF90081B1D7 /* YPMySelfTextField.m in Sources */ = {isa = PBXBuildFile; fileRef = 71FDEFC71FEBDDF90081B1D7 /* YPMySelfTextField.m */; };
		71FDEFCC1FEBE95C0081B1D7 /* Countryitem.m in Sources */ = {isa = PBXBuildFile; fileRef = 71FDEFCB1FEBE95C0081B1D7 /* Countryitem.m */; };
		71FDEFCF1FEBED1F0081B1D7 /* YPMyselfCountryView.m in Sources */ = {isa = PBXBuildFile; fileRef = 71FDEFCE1FEBED1F0081B1D7 /* YPMyselfCountryView.m */; };
		71FDEFD31FEBEE450081B1D7 /* CountryView.xib in Resources */ = {isa = PBXBuildFile; fileRef = 71FDEFD21FEBEE450081B1D7 /* CountryView.xib */; };
/* End PBXBuildFile section */

/* Begin PBXFileReference section */
		7102D4461F8F7C250018422C /* YPPageView.h */ = {isa = PBXFileReference; lastKnownFileType = sourcecode.c.h; path = YPPageView.h; sourceTree = "<group>"; };
		7102D4471F8F7C250018422C /* YPPageView.m */ = {isa = PBXFileReference; lastKnownFileType = sourcecode.c.objc; path = YPPageView.m; sourceTree = "<group>"; };
		7109CC081F38175200462EA8 /* 银鹏测试APP.app */ = {isa = PBXFileReference; explicitFileType = wrapper.application; includeInIndex = 0; path = "银鹏测试APP.app"; sourceTree = BUILT_PRODUCTS_DIR; };
		7109CC0C1F38175200462EA8 /* main.m */ = {isa = PBXFileReference; lastKnownFileType = sourcecode.c.objc; path = main.m; sourceTree = "<group>"; };
		7109CC0E1F38175200462EA8 /* AppDelegate.h */ = {isa = PBXFileReference; lastKnownFileType = sourcecode.c.h; path = AppDelegate.h; sourceTree = "<group>"; };
		7109CC0F1F38175200462EA8 /* AppDelegate.m */ = {isa = PBXFileReference; lastKnownFileType = sourcecode.c.objc; path = AppDelegate.m; sourceTree = "<group>"; };
		7109CC1C1F38175200462EA8 /* Info.plist */ = {isa = PBXFileReference; lastKnownFileType = text.plist.xml; path = Info.plist; sourceTree = "<group>"; };
		7109CC251F3859C500462EA8 /* MyMusicViewController.h */ = {isa = PBXFileReference; fileEncoding = 4; lastKnownFileType = sourcecode.c.h; path = MyMusicViewController.h; sourceTree = "<group>"; };
		7109CC261F3859C500462EA8 /* MyMusicViewController.m */ = {isa = PBXFileReference; fileEncoding = 4; lastKnownFileType = sourcecode.c.objc; path = MyMusicViewController.m; sourceTree = "<group>"; };
		7109CC271F3859C500462EA8 /* MyMusicViewController.xib */ = {isa = PBXFileReference; fileEncoding = 4; lastKnownFileType = file.xib; path = MyMusicViewController.xib; sourceTree = "<group>"; };
		7109CC2A1F385A2900462EA8 /* DiscoverViewController.h */ = {isa = PBXFileReference; fileEncoding = 4; lastKnownFileType = sourcecode.c.h; path = DiscoverViewController.h; sourceTree = "<group>"; };
		7109CC2B1F385A2900462EA8 /* DiscoverViewController.m */ = {isa = PBXFileReference; fileEncoding = 4; lastKnownFileType = sourcecode.c.objc; path = DiscoverViewController.m; sourceTree = "<group>"; };
		7113BAB01FF10BB000806430 /* YPMySelfTableViewCell.h */ = {isa = PBXFileReference; lastKnownFileType = sourcecode.c.h; path = YPMySelfTableViewCell.h; sourceTree = "<group>"; };
		7113BAB11FF10BB000806430 /* YPMySelfTableViewCell.m */ = {isa = PBXFileReference; lastKnownFileType = sourcecode.c.objc; path = YPMySelfTableViewCell.m; sourceTree = "<group>"; };
		7113BAB41FF3CDCC00806430 /* YPTransformView.h */ = {isa = PBXFileReference; lastKnownFileType = sourcecode.c.h; path = YPTransformView.h; sourceTree = "<group>"; };
		7113BAB51FF3CDCC00806430 /* YPTransformView.m */ = {isa = PBXFileReference; lastKnownFileType = sourcecode.c.objc; path = YPTransformView.m; sourceTree = "<group>"; };
		7113BABB1FF3D5AB00806430 /* YPTransformView.storyboard */ = {isa = PBXFileReference; lastKnownFileType = file.storyboard; path = YPTransformView.storyboard; sourceTree = "<group>"; };
		7113BABE1FF4E52000806430 /* YPhitTestViewController.h */ = {isa = PBXFileReference; lastKnownFileType = sourcecode.c.h; path = YPhitTestViewController.h; sourceTree = "<group>"; };
		7113BABF1FF4E52000806430 /* YPhitTestViewController.m */ = {isa = PBXFileReference; lastKnownFileType = sourcecode.c.objc; path = YPhitTestViewController.m; sourceTree = "<group>"; };
		7113BAC61FF4E6B100806430 /* YPhitTestView.h */ = {isa = PBXFileReference; lastKnownFileType = sourcecode.c.h; path = YPhitTestView.h; sourceTree = "<group>"; };
		7113BAC71FF4E6B100806430 /* YPhitTestView.m */ = {isa = PBXFileReference; lastKnownFileType = sourcecode.c.objc; path = YPhitTestView.m; sourceTree = "<group>"; };
		713B0E611FE10DF0005AF7DD /* YPShoppingViewController.h */ = {isa = PBXFileReference; lastKnownFileType = sourcecode.c.h; path = YPShoppingViewController.h; sourceTree = "<group>"; };
		713B0E621FE10DF0005AF7DD /* YPShoppingViewController.m */ = {isa = PBXFileReference; lastKnownFileType = sourcecode.c.objc; path = YPShoppingViewController.m; sourceTree = "<group>"; };
		713B0E641FE10E16005AF7DD /* YPShoppingView.storyboard */ = {isa = PBXFileReference; lastKnownFileType = file.storyboard; path = YPShoppingView.storyboard; sourceTree = "<group>"; };
		713B0E671FE148D1005AF7DD /* YPShoppingCell.h */ = {isa = PBXFileReference; lastKnownFileType = sourcecode.c.h; path = YPShoppingCell.h; sourceTree = "<group>"; };
		713B0E681FE148D1005AF7DD /* YPShoppingCell.m */ = {isa = PBXFileReference; lastKnownFileType = sourcecode.c.objc; path = YPShoppingCell.m; sourceTree = "<group>"; };
		713ECAAC1FD030B900BBA43D /* LaunchScreen.storyboard */ = {isa = PBXFileReference; lastKnownFileType = file.storyboard; path = LaunchScreen.storyboard; sourceTree = "<group>"; };
		713ECE661FC6E8400022CDFD /* statuses.plist */ = {isa = PBXFileReference; lastKnownFileType = text.plist.xml; path = statuses.plist; sourceTree = "<group>"; };
		714B26981FAC4A8B00356E99 /* MJExtension.h */ = {isa = PBXFileReference; lastKnownFileType = sourcecode.c.h; path = MJExtension.h; sourceTree = "<group>"; };
		714B26991FAC4A8B00356E99 /* MJExtensionConst.h */ = {isa = PBXFileReference; lastKnownFileType = sourcecode.c.h; path = MJExtensionConst.h; sourceTree = "<group>"; };
		714B269A1FAC4A8B00356E99 /* MJExtensionConst.m */ = {isa = PBXFileReference; lastKnownFileType = sourcecode.c.objc; path = MJExtensionConst.m; sourceTree = "<group>"; };
		714B269B1FAC4A8B00356E99 /* MJFoundation.h */ = {isa = PBXFileReference; lastKnownFileType = sourcecode.c.h; path = MJFoundation.h; sourceTree = "<group>"; };
		714B269C1FAC4A8B00356E99 /* MJFoundation.m */ = {isa = PBXFileReference; lastKnownFileType = sourcecode.c.objc; path = MJFoundation.m; sourceTree = "<group>"; };
		714B269D1FAC4A8B00356E99 /* MJProperty.h */ = {isa = PBXFileReference; lastKnownFileType = sourcecode.c.h; path = MJProperty.h; sourceTree = "<group>"; };
		714B269E1FAC4A8B00356E99 /* MJProperty.m */ = {isa = PBXFileReference; lastKnownFileType = sourcecode.c.objc; path = MJProperty.m; sourceTree = "<group>"; };
		714B269F1FAC4A8B00356E99 /* MJPropertyKey.h */ = {isa = PBXFileReference; lastKnownFileType = sourcecode.c.h; path = MJPropertyKey.h; sourceTree = "<group>"; };
		714B26A01FAC4A8B00356E99 /* MJPropertyKey.m */ = {isa = PBXFileReference; lastKnownFileType = sourcecode.c.objc; path = MJPropertyKey.m; sourceTree = "<group>"; };
		714B26A11FAC4A8B00356E99 /* MJPropertyType.h */ = {isa = PBXFileReference; lastKnownFileType = sourcecode.c.h; path = MJPropertyType.h; sourceTree = "<group>"; };
		714B26A21FAC4A8B00356E99 /* MJPropertyType.m */ = {isa = PBXFileReference; lastKnownFileType = sourcecode.c.objc; path = MJPropertyType.m; sourceTree = "<group>"; };
		714B26A31FAC4A8B00356E99 /* NSObject+MJClass.h */ = {isa = PBXFileReference; lastKnownFileType = sourcecode.c.h; path = "NSObject+MJClass.h"; sourceTree = "<group>"; };
		714B26A41FAC4A8B00356E99 /* NSObject+MJClass.m */ = {isa = PBXFileReference; lastKnownFileType = sourcecode.c.objc; path = "NSObject+MJClass.m"; sourceTree = "<group>"; };
		714B26A51FAC4A8B00356E99 /* NSObject+MJCoding.h */ = {isa = PBXFileReference; lastKnownFileType = sourcecode.c.h; path = "NSObject+MJCoding.h"; sourceTree = "<group>"; };
		714B26A61FAC4A8B00356E99 /* NSObject+MJCoding.m */ = {isa = PBXFileReference; lastKnownFileType = sourcecode.c.objc; path = "NSObject+MJCoding.m"; sourceTree = "<group>"; };
		714B26A71FAC4A8B00356E99 /* NSObject+MJKeyValue.h */ = {isa = PBXFileReference; lastKnownFileType = sourcecode.c.h; path = "NSObject+MJKeyValue.h"; sourceTree = "<group>"; };
		714B26A81FAC4A8B00356E99 /* NSObject+MJKeyValue.m */ = {isa = PBXFileReference; lastKnownFileType = sourcecode.c.objc; path = "NSObject+MJKeyValue.m"; sourceTree = "<group>"; };
		714B26A91FAC4A8B00356E99 /* NSObject+MJProperty.h */ = {isa = PBXFileReference; lastKnownFileType = sourcecode.c.h; path = "NSObject+MJProperty.h"; sourceTree = "<group>"; };
		714B26AA1FAC4A8B00356E99 /* NSObject+MJProperty.m */ = {isa = PBXFileReference; lastKnownFileType = sourcecode.c.objc; path = "NSObject+MJProperty.m"; sourceTree = "<group>"; };
		714B26AB1FAC4A8B00356E99 /* NSString+MJExtension.h */ = {isa = PBXFileReference; lastKnownFileType = sourcecode.c.h; path = "NSString+MJExtension.h"; sourceTree = "<group>"; };
		714B26AC1FAC4A8B00356E99 /* NSString+MJExtension.m */ = {isa = PBXFileReference; lastKnownFileType = sourcecode.c.objc; path = "NSString+MJExtension.m"; sourceTree = "<group>"; };
		714B26B51FAF343100356E99 /* YPAccountController.h */ = {isa = PBXFileReference; lastKnownFileType = sourcecode.c.h; path = YPAccountController.h; sourceTree = "<group>"; };
		714B26B61FAF343100356E99 /* YPAccountController.m */ = {isa = PBXFileReference; lastKnownFileType = sourcecode.c.objc; path = YPAccountController.m; sourceTree = "<group>"; };
		714B26BA1FAF3B9700356E99 /* YPSetting.h */ = {isa = PBXFileReference; lastKnownFileType = sourcecode.c.h; path = YPSetting.h; sourceTree = "<group>"; };
		714B26BB1FAF3B9700356E99 /* YPSetting.m */ = {isa = PBXFileReference; lastKnownFileType = sourcecode.c.objc; path = YPSetting.m; sourceTree = "<group>"; };
		714B26BD1FAF3BB600356E99 /* YPSetting.storyboard */ = {isa = PBXFileReference; lastKnownFileType = file.storyboard; path = YPSetting.storyboard; sourceTree = "<group>"; };
		7153CDA71FA34F17003A3375 /* dict_mode.h */ = {isa = PBXFileReference; lastKnownFileType = sourcecode.c.h; path = dict_mode.h; sourceTree = "<group>"; };
		7153CDA81FA34F17003A3375 /* dict_mode.m */ = {isa = PBXFileReference; lastKnownFileType = sourcecode.c.objc; path = dict_mode.m; sourceTree = "<group>"; };
		7153CDAA1FA35071003A3375 /* Mode.h */ = {isa = PBXFileReference; lastKnownFileType = sourcecode.c.h; path = Mode.h; sourceTree = "<group>"; };
		7153CDAB1FA35071003A3375 /* Mode.m */ = {isa = PBXFileReference; lastKnownFileType = sourcecode.c.objc; path = Mode.m; sourceTree = "<group>"; };
		7153CDAD1FA488D0003A3375 /* list.plist */ = {isa = PBXFileReference; lastKnownFileType = text.plist.xml; path = list.plist; sourceTree = "<group>"; };
		7153CDB31FAA042E003A3375 /* YPTGView.h */ = {isa = PBXFileReference; lastKnownFileType = sourcecode.c.h; path = YPTGView.h; sourceTree = "<group>"; };
		7153CDB41FAA042E003A3375 /* YPTGView.m */ = {isa = PBXFileReference; lastKnownFileType = sourcecode.c.objc; path = YPTGView.m; sourceTree = "<group>"; };
		7153CDB61FAA0E03003A3375 /* YPtgMode.h */ = {isa = PBXFileReference; lastKnownFileType = sourcecode.c.h; path = YPtgMode.h; sourceTree = "<group>"; };
		7153CDB71FAA0E03003A3375 /* YPtgMode.m */ = {isa = PBXFileReference; lastKnownFileType = sourcecode.c.objc; path = YPtgMode.m; sourceTree = "<group>"; };
		7153CDBA1FAAB3B0003A3375 /* YPTGViewController.h */ = {isa = PBXFileReference; lastKnownFileType = sourcecode.c.h; path = YPTGViewController.h; sourceTree = "<group>"; };
		7153CDBB1FAAB3B0003A3375 /* YPTGViewController.m */ = {isa = PBXFileReference; lastKnownFileType = sourcecode.c.objc; path = YPTGViewController.m; sourceTree = "<group>"; };
		7153CDC21FAB5CCB003A3375 /* tgs.plist */ = {isa = PBXFileReference; lastKnownFileType = text.plist.xml; path = tgs.plist; sourceTree = "<group>"; };
		719916381FB1C739005056F7 /* YPStatusViewController.h */ = {isa = PBXFileReference; lastKnownFileType = sourcecode.c.h; path = YPStatusViewController.h; sourceTree = "<group>"; };
		719916391FB1C739005056F7 /* YPStatusViewController.m */ = {isa = PBXFileReference; lastKnownFileType = sourcecode.c.objc; path = YPStatusViewController.m; sourceTree = "<group>"; };
		7199163B1FB1C7A0005056F7 /* YPStatus.h */ = {isa = PBXFileReference; lastKnownFileType = sourcecode.c.h; path = YPStatus.h; sourceTree = "<group>"; };
		7199163C1FB1C7A1005056F7 /* YPStatus.m */ = {isa = PBXFileReference; lastKnownFileType = sourcecode.c.objc; path = YPStatus.m; sourceTree = "<group>"; };
		7199163F1FB1C99F005056F7 /* YPStatusCell.h */ = {isa = PBXFileReference; lastKnownFileType = sourcecode.c.h; path = YPStatusCell.h; sourceTree = "<group>"; };
		719916401FB1C99F005056F7 /* YPStatusCell.m */ = {isa = PBXFileReference; lastKnownFileType = sourcecode.c.objc; path = YPStatusCell.m; sourceTree = "<group>"; };
		71BC1E9E1FD6E2760026117D /* YPTableBarViewController.h */ = {isa = PBXFileReference; lastKnownFileType = sourcecode.c.h; path = YPTableBarViewController.h; sourceTree = "<group>"; };
		71BC1E9F1FD6E2760026117D /* YPTableBarViewController.m */ = {isa = PBXFileReference; lastKnownFileType = sourcecode.c.objc; path = YPTableBarViewController.m; sourceTree = "<group>"; };
		71BC1F0A1FD7E4790026117D /* MASCompositeConstraint.h */ = {isa = PBXFileReference; lastKnownFileType = sourcecode.c.h; path = MASCompositeConstraint.h; sourceTree = "<group>"; };
		71BC1F0B1FD7E4790026117D /* MASCompositeConstraint.m */ = {isa = PBXFileReference; lastKnownFileType = sourcecode.c.objc; path = MASCompositeConstraint.m; sourceTree = "<group>"; };
		71BC1F0C1FD7E4790026117D /* MASConstraint+Private.h */ = {isa = PBXFileReference; lastKnownFileType = sourcecode.c.h; path = "MASConstraint+Private.h"; sourceTree = "<group>"; };
		71BC1F0D1FD7E4790026117D /* MASConstraint.h */ = {isa = PBXFileReference; lastKnownFileType = sourcecode.c.h; path = MASConstraint.h; sourceTree = "<group>"; };
		71BC1F0E1FD7E4790026117D /* MASConstraint.m */ = {isa = PBXFileReference; lastKnownFileType = sourcecode.c.objc; path = MASConstraint.m; sourceTree = "<group>"; };
		71BC1F0F1FD7E4790026117D /* MASConstraintMaker.h */ = {isa = PBXFileReference; lastKnownFileType = sourcecode.c.h; path = MASConstraintMaker.h; sourceTree = "<group>"; };
		71BC1F101FD7E4790026117D /* MASConstraintMaker.m */ = {isa = PBXFileReference; lastKnownFileType = sourcecode.c.objc; path = MASConstraintMaker.m; sourceTree = "<group>"; };
		71BC1F111FD7E4790026117D /* MASLayoutConstraint.h */ = {isa = PBXFileReference; lastKnownFileType = sourcecode.c.h; path = MASLayoutConstraint.h; sourceTree = "<group>"; };
		71BC1F121FD7E4790026117D /* MASLayoutConstraint.m */ = {isa = PBXFileReference; lastKnownFileType = sourcecode.c.objc; path = MASLayoutConstraint.m; sourceTree = "<group>"; };
		71BC1F131FD7E4790026117D /* Masonry.h */ = {isa = PBXFileReference; lastKnownFileType = sourcecode.c.h; path = Masonry.h; sourceTree = "<group>"; };
		71BC1F141FD7E4790026117D /* MASUtilities.h */ = {isa = PBXFileReference; lastKnownFileType = sourcecode.c.h; path = MASUtilities.h; sourceTree = "<group>"; };
		71BC1F151FD7E4790026117D /* MASViewAttribute.h */ = {isa = PBXFileReference; lastKnownFileType = sourcecode.c.h; path = MASViewAttribute.h; sourceTree = "<group>"; };
		71BC1F161FD7E4790026117D /* MASViewAttribute.m */ = {isa = PBXFileReference; lastKnownFileType = sourcecode.c.objc; path = MASViewAttribute.m; sourceTree = "<group>"; };
		71BC1F171FD7E4790026117D /* MASViewConstraint.h */ = {isa = PBXFileReference; lastKnownFileType = sourcecode.c.h; path = MASViewConstraint.h; sourceTree = "<group>"; };
		71BC1F181FD7E4790026117D /* MASViewConstraint.m */ = {isa = PBXFileReference; lastKnownFileType = sourcecode.c.objc; path = MASViewConstraint.m; sourceTree = "<group>"; };
		71BC1F191FD7E4790026117D /* NSArray+MASAdditions.h */ = {isa = PBXFileReference; lastKnownFileType = sourcecode.c.h; path = "NSArray+MASAdditions.h"; sourceTree = "<group>"; };
		71BC1F1A1FD7E4790026117D /* NSArray+MASAdditions.m */ = {isa = PBXFileReference; lastKnownFileType = sourcecode.c.objc; path = "NSArray+MASAdditions.m"; sourceTree = "<group>"; };
		71BC1F1B1FD7E4790026117D /* NSArray+MASShorthandAdditions.h */ = {isa = PBXFileReference; lastKnownFileType = sourcecode.c.h; path = "NSArray+MASShorthandAdditions.h"; sourceTree = "<group>"; };
		71BC1F1C1FD7E4790026117D /* NSLayoutConstraint+MASDebugAdditions.h */ = {isa = PBXFileReference; lastKnownFileType = sourcecode.c.h; path = "NSLayoutConstraint+MASDebugAdditions.h"; sourceTree = "<group>"; };
		71BC1F1D1FD7E4790026117D /* NSLayoutConstraint+MASDebugAdditions.m */ = {isa = PBXFileReference; lastKnownFileType = sourcecode.c.objc; path = "NSLayoutConstraint+MASDebugAdditions.m"; sourceTree = "<group>"; };
		71BC1F1E1FD7E4790026117D /* View+MASAdditions.h */ = {isa = PBXFileReference; lastKnownFileType = sourcecode.c.h; path = "View+MASAdditions.h"; sourceTree = "<group>"; };
		71BC1F1F1FD7E4790026117D /* View+MASAdditions.m */ = {isa = PBXFileReference; lastKnownFileType = sourcecode.c.objc; path = "View+MASAdditions.m"; sourceTree = "<group>"; };
		71BC1F201FD7E4790026117D /* View+MASShorthandAdditions.h */ = {isa = PBXFileReference; lastKnownFileType = sourcecode.c.h; path = "View+MASShorthandAdditions.h"; sourceTree = "<group>"; };
		71BC1F211FD7E4790026117D /* ViewController+MASAdditions.h */ = {isa = PBXFileReference; lastKnownFileType = sourcecode.c.h; path = "ViewController+MASAdditions.h"; sourceTree = "<group>"; };
		71BC1F221FD7E4790026117D /* ViewController+MASAdditions.m */ = {isa = PBXFileReference; lastKnownFileType = sourcecode.c.objc; path = "ViewController+MASAdditions.m"; sourceTree = "<group>"; };
		71BC1F401FD7EF370026117D /* YPDiscoverTabBarViewController.h */ = {isa = PBXFileReference; lastKnownFileType = sourcecode.c.h; path = YPDiscoverTabBarViewController.h; sourceTree = "<group>"; };
		71BC1F411FD7EF370026117D /* YPDiscoverTabBarViewController.m */ = {isa = PBXFileReference; lastKnownFileType = sourcecode.c.objc; path = YPDiscoverTabBarViewController.m; sourceTree = "<group>"; };
		71BC1F451FD80AA70026117D /* YPRefurbishViewController.h */ = {isa = PBXFileReference; lastKnownFileType = sourcecode.c.h; path = YPRefurbishViewController.h; sourceTree = "<group>"; };
		71BC1F461FD80AA70026117D /* YPRefurbishViewController.m */ = {isa = PBXFileReference; lastKnownFileType = sourcecode.c.objc; path = YPRefurbishViewController.m; sourceTree = "<group>"; };
		71BC1F4B1FD8129A0026117D /* YPRefurbishTableViewCell.h */ = {isa = PBXFileReference; lastKnownFileType = sourcecode.c.h; path = YPRefurbishTableViewCell.h; sourceTree = "<group>"; };
		71BC1F4C1FD8129A0026117D /* YPRefurbishTableViewCell.m */ = {isa = PBXFileReference; lastKnownFileType = sourcecode.c.objc; path = YPRefurbishTableViewCell.m; sourceTree = "<group>"; };
		71BC1F4F1FD813130026117D /* YPWine.h */ = {isa = PBXFileReference; lastKnownFileType = sourcecode.c.h; path = YPWine.h; sourceTree = "<group>"; };
		71BC1F501FD813130026117D /* YPWine.m */ = {isa = PBXFileReference; lastKnownFileType = sourcecode.c.objc; path = YPWine.m; sourceTree = "<group>"; };
		71BC1F521FD81CE90026117D /* wine.plist */ = {isa = PBXFileReference; lastKnownFileType = text.plist.xml; path = wine.plist; sourceTree = "<group>"; };
		71CA5A121FD97072004AF2F4 /* YPRefurbishView.storyboard */ = {isa = PBXFileReference; lastKnownFileType = file.storyboard; path = YPRefurbishView.storyboard; sourceTree = "<group>"; };
		71D68E751F90F49100932B83 /* YPPageView.xib */ = {isa = PBXFileReference; lastKnownFileType = file.xib; path = YPPageView.xib; sourceTree = "<group>"; };
		71DD987A1FF4ED25000EFEBB /* YPhitTestViewController.storyboard */ = {isa = PBXFileReference; lastKnownFileType = file.storyboard; path = YPhitTestViewController.storyboard; sourceTree = "<group>"; };
		71E12B702011A07100170236 /* YPhitButton.h */ = {isa = PBXFileReference; lastKnownFileType = sourcecode.c.h; name = YPhitButton.h; path = "银鹏测试APP/Class/其他功能/YPhitButton.h"; sourceTree = SOURCE_ROOT; };
		71E12B712011A07100170236 /* YPhitButton.m */ = {isa = PBXFileReference; lastKnownFileType = sourcecode.c.objc; name = YPhitButton.m; path = "银鹏测试APP/Class/其他功能/YPhitButton.m"; sourceTree = SOURCE_ROOT; };
		71E12B742013323D00170236 /* YPDragerViewController.h */ = {isa = PBXFileReference; lastKnownFileType = sourcecode.c.h; path = YPDragerViewController.h; sourceTree = "<group>"; };
		71E12B752013323D00170236 /* YPDragerViewController.m */ = {isa = PBXFileReference; lastKnownFileType = sourcecode.c.objc; path = YPDragerViewController.m; sourceTree = "<group>"; };
		71E12B772021753F00170236 /* YPDragerTableViewController.h */ = {isa = PBXFileReference; lastKnownFileType = sourcecode.c.h; path = YPDragerTableViewController.h; sourceTree = "<group>"; };
		71E12B782021753F00170236 /* YPDragerTableViewController.m */ = {isa = PBXFileReference; lastKnownFileType = sourcecode.c.objc; path = YPDragerTableViewController.m; sourceTree = "<group>"; };
		71E12B7B2025AD9200170236 /* YPProgresViewController.h */ = {isa = PBXFileReference; lastKnownFileType = sourcecode.c.h; path = YPProgresViewController.h; sourceTree = "<group>"; };
		71E12B7C2025AD9200170236 /* YPProgresViewController.m */ = {isa = PBXFileReference; lastKnownFileType = sourcecode.c.objc; path = YPProgresViewController.m; sourceTree = "<group>"; };
		71E12B7E2025ADEB00170236 /* YPProgressView.storyboard */ = {isa = PBXFileReference; lastKnownFileType = file.storyboard; path = YPProgressView.storyboard; sourceTree = "<group>"; };
		71E12B802025AE8700170236 /* YPProgressView.h */ = {isa = PBXFileReference; lastKnownFileType = sourcecode.c.h; path = YPProgressView.h; sourceTree = "<group>"; };
		71E12B812025AE8700170236 /* YPProgressView.m */ = {isa = PBXFileReference; lastKnownFileType = sourcecode.c.objc; path = YPProgressView.m; sourceTree = "<group>"; };
		71EA123B1F454178005B52FC /* Assets.xcassets */ = {isa = PBXFileReference; lastKnownFileType = folder.assetcatalog; path = Assets.xcassets; sourceTree = "<group>"; };
		71FDEFB51FE2637D0081B1D7 /* YPShoppingButton.h */ = {isa = PBXFileReference; lastKnownFileType = sourcecode.c.h; path = YPShoppingButton.h; sourceTree = "<group>"; };
		71FDEFB61FE2637D0081B1D7 /* YPShoppingButton.m */ = {isa = PBXFileReference; lastKnownFileType = sourcecode.c.objc; path = YPShoppingButton.m; sourceTree = "<group>"; };
		71FDEFBC1FE931A20081B1D7 /* YPSettingTableViewController.h */ = {isa = PBXFileReference; lastKnownFileType = sourcecode.c.h; path = YPSettingTableViewController.h; sourceTree = "<group>"; };
		71FDEFBD1FE931A20081B1D7 /* YPSettingTableViewController.m */ = {isa = PBXFileReference; lastKnownFileType = sourcecode.c.objc; path = YPSettingTableViewController.m; sourceTree = "<group>"; };
		71FDEFC01FEBD5060081B1D7 /* YPMySelfTableViewController.h */ = {isa = PBXFileReference; lastKnownFileType = sourcecode.c.h; path = YPMySelfTableViewController.h; sourceTree = "<group>"; };
		71FDEFC11FEBD5060081B1D7 /* YPMySelfTableViewController.m */ = {isa = PBXFileReference; lastKnownFileType = sourcecode.c.objc; path = YPMySelfTableViewController.m; sourceTree = "<group>"; };
		71FDEFC61FEBDDF90081B1D7 /* YPMySelfTextField.h */ = {isa = PBXFileReference; lastKnownFileType = sourcecode.c.h; path = YPMySelfTextField.h; sourceTree = "<group>"; };
		71FDEFC71FEBDDF90081B1D7 /* YPMySelfTextField.m */ = {isa = PBXFileReference; lastKnownFileType = sourcecode.c.objc; path = YPMySelfTextField.m; sourceTree = "<group>"; };
		71FDEFC91FEBE7EA0081B1D7 /* flags.plist */ = {isa = PBXFileReference; lastKnownFileType = text.plist.xml; path = flags.plist; sourceTree = "<group>"; };
		71FDEFCA1FEBE95C0081B1D7 /* Countryitem.h */ = {isa = PBXFileReference; lastKnownFileType = sourcecode.c.h; path = Countryitem.h; sourceTree = "<group>"; };
		71FDEFCB1FEBE95C0081B1D7 /* Countryitem.m */ = {isa = PBXFileReference; lastKnownFileType = sourcecode.c.objc; path = Countryitem.m; sourceTree = "<group>"; };
		71FDEFCD1FEBED1F0081B1D7 /* YPMyselfCountryView.h */ = {isa = PBXFileReference; lastKnownFileType = sourcecode.c.h; path = YPMyselfCountryView.h; sourceTree = "<group>"; };
		71FDEFCE1FEBED1F0081B1D7 /* YPMyselfCountryView.m */ = {isa = PBXFileReference; lastKnownFileType = sourcecode.c.objc; path = YPMyselfCountryView.m; sourceTree = "<group>"; };
		71FDEFD21FEBEE450081B1D7 /* CountryView.xib */ = {isa = PBXFileReference; lastKnownFileType = file.xib; path = CountryView.xib; sourceTree = "<group>"; };
/* End PBXFileReference section */

/* Begin PBXFrameworksBuildPhase section */
		7109CC051F38175200462EA8 /* Frameworks */ = {
			isa = PBXFrameworksBuildPhase;
			buildActionMask = 2147483647;
			files = (
			);
			runOnlyForDeploymentPostprocessing = 0;
		};
/* End PBXFrameworksBuildPhase section */

/* Begin PBXGroup section */
		7109CBFF1F38175200462EA8 = {
			isa = PBXGroup;
			children = (
				7109CC0A1F38175200462EA8 /* 银鹏测试APP */,
				7109CC091F38175200462EA8 /* Products */,
			);
			sourceTree = "<group>";
		};
		7109CC091F38175200462EA8 /* Products */ = {
			isa = PBXGroup;
			children = (
				7109CC081F38175200462EA8 /* 银鹏测试APP.app */,
			);
			name = Products;
			sourceTree = "<group>";
		};
		7109CC0A1F38175200462EA8 /* 银鹏测试APP */ = {
			isa = PBXGroup;
			children = (
				71BC1EA31FD7DB320026117D /* Class */,
				7109CC0C1F38175200462EA8 /* main.m */,
				713ECAAC1FD030B900BBA43D /* LaunchScreen.storyboard */,
				7109CC1C1F38175200462EA8 /* Info.plist */,
				71EA123B1F454178005B52FC /* Assets.xcassets */,
				7109CC0B1F38175200462EA8 /* Supporting Files */,
			);
			path = "银鹏测试APP";
			sourceTree = "<group>";
		};
		7109CC0B1F38175200462EA8 /* Supporting Files */ = {
			isa = PBXGroup;
			children = (
			);
			name = "Supporting Files";
			sourceTree = "<group>";
		};
		7113BAB31FF3CD8E00806430 /* 视图移动 */ = {
			isa = PBXGroup;
			children = (
				7113BAB41FF3CDCC00806430 /* YPTransformView.h */,
				7113BAB51FF3CDCC00806430 /* YPTransformView.m */,
				7113BABB1FF3D5AB00806430 /* YPTransformView.storyboard */,
			);
			path = "视图移动";
			sourceTree = "<group>";
		};
		7113BABD1FF4E3C400806430 /* hitTest(事件响应Demo) */ = {
			isa = PBXGroup;
			children = (
				7113BABE1FF4E52000806430 /* YPhitTestViewController.h */,
				7113BABF1FF4E52000806430 /* YPhitTestViewController.m */,
				71E12B702011A07100170236 /* YPhitButton.h */,
				71E12B712011A07100170236 /* YPhitButton.m */,
				71DD987A1FF4ED25000EFEBB /* YPhitTestViewController.storyboard */,
				7113BAC61FF4E6B100806430 /* YPhitTestView.h */,
				7113BAC71FF4E6B100806430 /* YPhitTestView.m */,
			);
			path = "hitTest(事件响应Demo)";
			sourceTree = "<group>";
		};
		713B0E601FE10D83005AF7DD /* Shopping(购物车) */ = {
			isa = PBXGroup;
			children = (
				713B0E611FE10DF0005AF7DD /* YPShoppingViewController.h */,
				713B0E621FE10DF0005AF7DD /* YPShoppingViewController.m */,
				713B0E641FE10E16005AF7DD /* YPShoppingView.storyboard */,
				71FDEFB51FE2637D0081B1D7 /* YPShoppingButton.h */,
				71FDEFB61FE2637D0081B1D7 /* YPShoppingButton.m */,
				713B0E671FE148D1005AF7DD /* YPShoppingCell.h */,
				713B0E681FE148D1005AF7DD /* YPShoppingCell.m */,
			);
			path = "Shopping(购物车)";
			sourceTree = "<group>";
		};
		714B26961FAC4A8B00356E99 /* MJExtension */ = {
			isa = PBXGroup;
			children = (
				714B26981FAC4A8B00356E99 /* MJExtension.h */,
				714B26991FAC4A8B00356E99 /* MJExtensionConst.h */,
				714B269A1FAC4A8B00356E99 /* MJExtensionConst.m */,
				714B269B1FAC4A8B00356E99 /* MJFoundation.h */,
				714B269C1FAC4A8B00356E99 /* MJFoundation.m */,
				714B269D1FAC4A8B00356E99 /* MJProperty.h */,
				714B269E1FAC4A8B00356E99 /* MJProperty.m */,
				714B269F1FAC4A8B00356E99 /* MJPropertyKey.h */,
				714B26A01FAC4A8B00356E99 /* MJPropertyKey.m */,
				714B26A11FAC4A8B00356E99 /* MJPropertyType.h */,
				714B26A21FAC4A8B00356E99 /* MJPropertyType.m */,
				714B26A31FAC4A8B00356E99 /* NSObject+MJClass.h */,
				714B26A41FAC4A8B00356E99 /* NSObject+MJClass.m */,
				714B26A51FAC4A8B00356E99 /* NSObject+MJCoding.h */,
				714B26A61FAC4A8B00356E99 /* NSObject+MJCoding.m */,
				714B26A71FAC4A8B00356E99 /* NSObject+MJKeyValue.h */,
				714B26A81FAC4A8B00356E99 /* NSObject+MJKeyValue.m */,
				714B26A91FAC4A8B00356E99 /* NSObject+MJProperty.h */,
				714B26AA1FAC4A8B00356E99 /* NSObject+MJProperty.m */,
				714B26AB1FAC4A8B00356E99 /* NSString+MJExtension.h */,
				714B26AC1FAC4A8B00356E99 /* NSString+MJExtension.m */,
			);
			path = MJExtension;
			sourceTree = "<group>";
		};
		71BC1EA31FD7DB320026117D /* Class */ = {
			isa = PBXGroup;
			children = (
				71BC1F431FD80A010026117D /* 其他功能 */,
				71BC1F3C1FD7E5F40026117D /* Buy(团购) */,
				71BC1EB81FD7E3B20026117D /* Other */,
				71BC1EB41FD7E1160026117D /* Main(主要） */,
				71BC1EB01FD7DDCA0026117D /* Account(账号) */,
				71BC1EAC1FD7DD710026117D /* Friend(朋友) */,
				71BC1EA81FD7DCF00026117D /* Music(音乐) */,
				71BC1EA41FD7DB420026117D /* Discover(发现) */,
			);
			path = Class;
			sourceTree = "<group>";
		};
		71BC1EA41FD7DB420026117D /* Discover(发现) */ = {
			isa = PBXGroup;
			children = (
				71BC1EA51FD7DC7F0026117D /* Controller */,
				71BC1EA61FD7DC8C0026117D /* Model */,
				71BC1EA71FD7DC9B0026117D /* View */,
			);
			path = "Discover(发现)";
			sourceTree = "<group>";
		};
		71BC1EA51FD7DC7F0026117D /* Controller */ = {
			isa = PBXGroup;
			children = (
				7109CC2A1F385A2900462EA8 /* DiscoverViewController.h */,
				7109CC2B1F385A2900462EA8 /* DiscoverViewController.m */,
			);
			path = Controller;
			sourceTree = "<group>";
		};
		71BC1EA61FD7DC8C0026117D /* Model */ = {
			isa = PBXGroup;
			children = (
			);
			path = Model;
			sourceTree = "<group>";
		};
		71BC1EA71FD7DC9B0026117D /* View */ = {
			isa = PBXGroup;
			children = (
				7102D4461F8F7C250018422C /* YPPageView.h */,
				7102D4471F8F7C250018422C /* YPPageView.m */,
				71D68E751F90F49100932B83 /* YPPageView.xib */,
			);
			path = View;
			sourceTree = "<group>";
		};
		71BC1EA81FD7DCF00026117D /* Music(音乐) */ = {
			isa = PBXGroup;
			children = (
				7153CDAD1FA488D0003A3375 /* list.plist */,
				7109CC271F3859C500462EA8 /* MyMusicViewController.xib */,
				71BC1EAB1FD7DD5C0026117D /* Controller */,
				71BC1EAA1FD7DD540026117D /* Model */,
				71BC1EA91FD7DD440026117D /* View */,
			);
			path = "Music(音乐)";
			sourceTree = "<group>";
		};
		71BC1EA91FD7DD440026117D /* View */ = {
			isa = PBXGroup;
			children = (
				7153CDA71FA34F17003A3375 /* dict_mode.h */,
				7153CDA81FA34F17003A3375 /* dict_mode.m */,
			);
			path = View;
			sourceTree = "<group>";
		};
		71BC1EAA1FD7DD540026117D /* Model */ = {
			isa = PBXGroup;
			children = (
				7153CDAA1FA35071003A3375 /* Mode.h */,
				7153CDAB1FA35071003A3375 /* Mode.m */,
			);
			path = Model;
			sourceTree = "<group>";
		};
		71BC1EAB1FD7DD5C0026117D /* Controller */ = {
			isa = PBXGroup;
			children = (
				7109CC251F3859C500462EA8 /* MyMusicViewController.h */,
				7109CC261F3859C500462EA8 /* MyMusicViewController.m */,
			);
			path = Controller;
			sourceTree = "<group>";
		};
		71BC1EAC1FD7DD710026117D /* Friend(朋友) */ = {
			isa = PBXGroup;
			children = (
				713ECE661FC6E8400022CDFD /* statuses.plist */,
				71BC1EAF1FD7DDB90026117D /* Controller */,
				71BC1EAE1FD7DDB20026117D /* Model */,
				71BC1EAD1FD7DDAB0026117D /* View */,
			);
			path = "Friend(朋友)";
			sourceTree = "<group>";
		};
		71BC1EAD1FD7DDAB0026117D /* View */ = {
			isa = PBXGroup;
			children = (
				7199163F1FB1C99F005056F7 /* YPStatusCell.h */,
				719916401FB1C99F005056F7 /* YPStatusCell.m */,
			);
			path = View;
			sourceTree = "<group>";
		};
		71BC1EAE1FD7DDB20026117D /* Model */ = {
			isa = PBXGroup;
			children = (
				7199163B1FB1C7A0005056F7 /* YPStatus.h */,
				7199163C1FB1C7A1005056F7 /* YPStatus.m */,
			);
			path = Model;
			sourceTree = "<group>";
		};
		71BC1EAF1FD7DDB90026117D /* Controller */ = {
			isa = PBXGroup;
			children = (
				719916381FB1C739005056F7 /* YPStatusViewController.h */,
				719916391FB1C739005056F7 /* YPStatusViewController.m */,
			);
			path = Controller;
			sourceTree = "<group>";
		};
		71BC1EB01FD7DDCA0026117D /* Account(账号) */ = {
			isa = PBXGroup;
			children = (
				71BC1EB31FD7DDFB0026117D /* Controller */,
				71BC1EB21FD7DDF30026117D /* Model */,
				71BC1EB11FD7DDEC0026117D /* View */,
			);
			path = "Account(账号)";
			sourceTree = "<group>";
		};
		71BC1EB11FD7DDEC0026117D /* View */ = {
			isa = PBXGroup;
			children = (
				714B26BD1FAF3BB600356E99 /* YPSetting.storyboard */,
			);
			path = View;
			sourceTree = "<group>";
		};
		71BC1EB21FD7DDF30026117D /* Model */ = {
			isa = PBXGroup;
			children = (
				714B26BA1FAF3B9700356E99 /* YPSetting.h */,
				714B26BB1FAF3B9700356E99 /* YPSetting.m */,
			);
			path = Model;
			sourceTree = "<group>";
		};
		71BC1EB31FD7DDFB0026117D /* Controller */ = {
			isa = PBXGroup;
			children = (
				714B26B51FAF343100356E99 /* YPAccountController.h */,
				714B26B61FAF343100356E99 /* YPAccountController.m */,
			);
			path = Controller;
			sourceTree = "<group>";
		};
		71BC1EB41FD7E1160026117D /* Main(主要） */ = {
			isa = PBXGroup;
			children = (
				71BC1EB71FD7E1370026117D /* Controller */,
				71BC1EB61FD7E1300026117D /* Mode */,
				71BC1EB51FD7E1250026117D /* View */,
			);
			path = "Main(主要）";
			sourceTree = "<group>";
		};
		71BC1EB51FD7E1250026117D /* View */ = {
			isa = PBXGroup;
			children = (
			);
			path = View;
			sourceTree = "<group>";
		};
		71BC1EB61FD7E1300026117D /* Mode */ = {
			isa = PBXGroup;
			children = (
			);
			path = Mode;
			sourceTree = "<group>";
		};
		71BC1EB71FD7E1370026117D /* Controller */ = {
			isa = PBXGroup;
			children = (
				71BC1F401FD7EF370026117D /* YPDiscoverTabBarViewController.h */,
				71BC1F411FD7EF370026117D /* YPDiscoverTabBarViewController.m */,
				71BC1E9E1FD6E2760026117D /* YPTableBarViewController.h */,
				71BC1E9F1FD6E2760026117D /* YPTableBarViewController.m */,
			);
			path = Controller;
			sourceTree = "<group>";
		};
		71BC1EB81FD7E3B20026117D /* Other */ = {
			isa = PBXGroup;
			children = (
				7109CC0E1F38175200462EA8 /* AppDelegate.h */,
				7109CC0F1F38175200462EA8 /* AppDelegate.m */,
				71BC1EBA1FD7E3CA0026117D /* Lib */,
				71BC1EB91FD7E3BD0026117D /* Category */,
			);
			path = Other;
			sourceTree = "<group>";
		};
		71BC1EB91FD7E3BD0026117D /* Category */ = {
			isa = PBXGroup;
			children = (
			);
			path = Category;
			sourceTree = "<group>";
		};
		71BC1EBA1FD7E3CA0026117D /* Lib */ = {
			isa = PBXGroup;
			children = (
				714B26961FAC4A8B00356E99 /* MJExtension */,
				71BC1F091FD7E4790026117D /* Masonry */,
			);
			path = Lib;
			sourceTree = "<group>";
		};
		71BC1F091FD7E4790026117D /* Masonry */ = {
			isa = PBXGroup;
			children = (
				71BC1F0A1FD7E4790026117D /* MASCompositeConstraint.h */,
				71BC1F0B1FD7E4790026117D /* MASCompositeConstraint.m */,
				71BC1F0C1FD7E4790026117D /* MASConstraint+Private.h */,
				71BC1F0D1FD7E4790026117D /* MASConstraint.h */,
				71BC1F0E1FD7E4790026117D /* MASConstraint.m */,
				71BC1F0F1FD7E4790026117D /* MASConstraintMaker.h */,
				71BC1F101FD7E4790026117D /* MASConstraintMaker.m */,
				71BC1F111FD7E4790026117D /* MASLayoutConstraint.h */,
				71BC1F121FD7E4790026117D /* MASLayoutConstraint.m */,
				71BC1F131FD7E4790026117D /* Masonry.h */,
				71BC1F141FD7E4790026117D /* MASUtilities.h */,
				71BC1F151FD7E4790026117D /* MASViewAttribute.h */,
				71BC1F161FD7E4790026117D /* MASViewAttribute.m */,
				71BC1F171FD7E4790026117D /* MASViewConstraint.h */,
				71BC1F181FD7E4790026117D /* MASViewConstraint.m */,
				71BC1F191FD7E4790026117D /* NSArray+MASAdditions.h */,
				71BC1F1A1FD7E4790026117D /* NSArray+MASAdditions.m */,
				71BC1F1B1FD7E4790026117D /* NSArray+MASShorthandAdditions.h */,
				71BC1F1C1FD7E4790026117D /* NSLayoutConstraint+MASDebugAdditions.h */,
				71BC1F1D1FD7E4790026117D /* NSLayoutConstraint+MASDebugAdditions.m */,
				71BC1F1E1FD7E4790026117D /* View+MASAdditions.h */,
				71BC1F1F1FD7E4790026117D /* View+MASAdditions.m */,
				71BC1F201FD7E4790026117D /* View+MASShorthandAdditions.h */,
				71BC1F211FD7E4790026117D /* ViewController+MASAdditions.h */,
				71BC1F221FD7E4790026117D /* ViewController+MASAdditions.m */,
			);
			path = Masonry;
			sourceTree = "<group>";
		};
		71BC1F3C1FD7E5F40026117D /* Buy(团购) */ = {
			isa = PBXGroup;
			children = (
				7153CDC21FAB5CCB003A3375 /* tgs.plist */,
				71BC1F3F1FD7E6160026117D /* Controller */,
				71BC1F3E1FD7E60D0026117D /* Mode */,
				71BC1F3D1FD7E6070026117D /* View */,
			);
			path = "Buy(团购)";
			sourceTree = "<group>";
		};
		71BC1F3D1FD7E6070026117D /* View */ = {
			isa = PBXGroup;
			children = (
				7153CDB31FAA042E003A3375 /* YPTGView.h */,
				7153CDB41FAA042E003A3375 /* YPTGView.m */,
			);
			path = View;
			sourceTree = "<group>";
		};
		71BC1F3E1FD7E60D0026117D /* Mode */ = {
			isa = PBXGroup;
			children = (
				7153CDB61FAA0E03003A3375 /* YPtgMode.h */,
				7153CDB71FAA0E03003A3375 /* YPtgMode.m */,
			);
			path = Mode;
			sourceTree = "<group>";
		};
		71BC1F3F1FD7E6160026117D /* Controller */ = {
			isa = PBXGroup;
			children = (
				7153CDBA1FAAB3B0003A3375 /* YPTGViewController.h */,
				7153CDBB1FAAB3B0003A3375 /* YPTGViewController.m */,
			);
			path = Controller;
			sourceTree = "<group>";
		};
		71BC1F431FD80A010026117D /* 其他功能 */ = {
			isa = PBXGroup;
			children = (
				71E12B7A2025AC7C00170236 /* 进度条 */,
				71E12B7320132C8400170236 /* 抽屉效果 */,
				7113BABD1FF4E3C400806430 /* hitTest(事件响应Demo) */,
				7113BAB31FF3CD8E00806430 /* 视图移动 */,
				71FDEFBF1FEBD49F0081B1D7 /* MySelf(我的资料) */,
				71FDEFB81FE9307C0081B1D7 /* 设置 */,
				713B0E601FE10D83005AF7DD /* Shopping(购物车) */,
				71BC1F441FD80A1A0026117D /* 数据刷新 */,
			);
			path = "其他功能";
			sourceTree = "<group>";
		};
		71BC1F441FD80A1A0026117D /* 数据刷新 */ = {
			isa = PBXGroup;
			children = (
				71BC1F521FD81CE90026117D /* wine.plist */,
				71BC1F451FD80AA70026117D /* YPRefurbishViewController.h */,
				71BC1F461FD80AA70026117D /* YPRefurbishViewController.m */,
				71CA5A121FD97072004AF2F4 /* YPRefurbishView.storyboard */,
				71BC1F4B1FD8129A0026117D /* YPRefurbishTableViewCell.h */,
				71BC1F4C1FD8129A0026117D /* YPRefurbishTableViewCell.m */,
				71BC1F4F1FD813130026117D /* YPWine.h */,
				71BC1F501FD813130026117D /* YPWine.m */,
			);
			path = "数据刷新";
			sourceTree = "<group>";
		};
		71E12B7320132C8400170236 /* 抽屉效果 */ = {
			isa = PBXGroup;
			children = (
				71E12B742013323D00170236 /* YPDragerViewController.h */,
				71E12B752013323D00170236 /* YPDragerViewController.m */,
				71E12B772021753F00170236 /* YPDragerTableViewController.h */,
				71E12B782021753F00170236 /* YPDragerTableViewController.m */,
			);
			path = "抽屉效果";
			sourceTree = "<group>";
		};
		71E12B7A2025AC7C00170236 /* 进度条 */ = {
			isa = PBXGroup;
			children = (
				71E12B7B2025AD9200170236 /* YPProgresViewController.h */,
				71E12B7C2025AD9200170236 /* YPProgresViewController.m */,
				71E12B7E2025ADEB00170236 /* YPProgressView.storyboard */,
				71E12B802025AE8700170236 /* YPProgressView.h */,
				71E12B812025AE8700170236 /* YPProgressView.m */,
			);
			path = "进度条";
			sourceTree = "<group>";
		};
		71FDEFB81FE9307C0081B1D7 /* 设置 */ = {
			isa = PBXGroup;
			children = (
				71FDEFBC1FE931A20081B1D7 /* YPSettingTableViewController.h */,
				71FDEFBD1FE931A20081B1D7 /* YPSettingTableViewController.m */,
			);
			path = "设置";
			sourceTree = "<group>";
		};
		71FDEFBF1FEBD49F0081B1D7 /* MySelf(我的资料) */ = {
			isa = PBXGroup;
			children = (
				71FDEFC91FEBE7EA0081B1D7 /* flags.plist */,
				71FDEFC31FEBDD670081B1D7 /* Controller */,
				71FDEFC41FEBDD7B0081B1D7 /* Mode */,
				71FDEFC51FEBDD830081B1D7 /* View */,
			);
			path = "MySelf(我的资料)";
			sourceTree = "<group>";
		};
		71FDEFC31FEBDD670081B1D7 /* Controller */ = {
			isa = PBXGroup;
			children = (
				71FDEFC01FEBD5060081B1D7 /* YPMySelfTableViewController.h */,
				71FDEFC11FEBD5060081B1D7 /* YPMySelfTableViewController.m */,
				7113BAB01FF10BB000806430 /* YPMySelfTableViewCell.h */,
				7113BAB11FF10BB000806430 /* YPMySelfTableViewCell.m */,
				71FDEFC61FEBDDF90081B1D7 /* YPMySelfTextField.h */,
				71FDEFC71FEBDDF90081B1D7 /* YPMySelfTextField.m */,
			);
			path = Controller;
			sourceTree = "<group>";
		};
		71FDEFC41FEBDD7B0081B1D7 /* Mode */ = {
			isa = PBXGroup;
			children = (
				71FDEFCA1FEBE95C0081B1D7 /* Countryitem.h */,
				71FDEFCB1FEBE95C0081B1D7 /* Countryitem.m */,
			);
			path = Mode;
			sourceTree = "<group>";
		};
		71FDEFC51FEBDD830081B1D7 /* View */ = {
			isa = PBXGroup;
			children = (
				71FDEFCD1FEBED1F0081B1D7 /* YPMyselfCountryView.h */,
				71FDEFCE1FEBED1F0081B1D7 /* YPMyselfCountryView.m */,
				71FDEFD21FEBEE450081B1D7 /* CountryView.xib */,
			);
			path = View;
			sourceTree = "<group>";
		};
/* End PBXGroup section */

/* Begin PBXNativeTarget section */
		7109CC071F38175200462EA8 /* 银鹏测试APP */ = {
			isa = PBXNativeTarget;
			buildConfigurationList = 7109CC1F1F38175200462EA8 /* Build configuration list for PBXNativeTarget "银鹏测试APP" */;
			buildPhases = (
				7109CC041F38175200462EA8 /* Sources */,
				7109CC051F38175200462EA8 /* Frameworks */,
				7109CC061F38175200462EA8 /* Resources */,
			);
			buildRules = (
			);
			dependencies = (
			);
			name = "银鹏测试APP";
			productName = "银鹏测试APP";
			productReference = 7109CC081F38175200462EA8 /* 银鹏测试APP.app */;
			productType = "com.apple.product-type.application";
		};
/* End PBXNativeTarget section */

/* Begin PBXProject section */
		7109CC001F38175200462EA8 /* Project object */ = {
			isa = PBXProject;
			attributes = {
				CLASSPREFIX = YP;
				LastUpgradeCheck = 0900;
				ORGANIZATIONNAME = "银鹏";
				TargetAttributes = {
					7109CC071F38175200462EA8 = {
						CreatedOnToolsVersion = 8.3.3;
						DevelopmentTeam = 5YG45F3PV4;
						ProvisioningStyle = Automatic;
					};
				};
			};
			buildConfigurationList = 7109CC031F38175200462EA8 /* Build configuration list for PBXProject "银鹏测试APP" */;
			compatibilityVersion = "Xcode 3.2";
			developmentRegion = English;
			hasScannedForEncodings = 0;
			knownRegions = (
				en,
				Base,
			);
			mainGroup = 7109CBFF1F38175200462EA8;
			productRefGroup = 7109CC091F38175200462EA8 /* Products */;
			projectDirPath = "";
			projectRoot = "";
			targets = (
				7109CC071F38175200462EA8 /* 银鹏测试APP */,
			);
		};
/* End PBXProject section */

/* Begin PBXResourcesBuildPhase section */
		7109CC061F38175200462EA8 /* Resources */ = {
			isa = PBXResourcesBuildPhase;
			buildActionMask = 2147483647;
			files = (
				71CA5A131FD970B2004AF2F4 /* YPRefurbishView.storyboard in Resources */,
				71E12B7F2025ADEB00170236 /* YPProgressView.storyboard in Resources */,
				71BC1F571FD83C400026117D /* wine.plist in Resources */,
				71DD987B1FF4ED25000EFEBB /* YPhitTestViewController.storyboard in Resources */,
				713B0E651FE10E16005AF7DD /* YPShoppingView.storyboard in Resources */,
				713ECE671FC6EADA0022CDFD /* statuses.plist in Resources */,
				7153CDC31FAB5CE6003A3375 /* tgs.plist in Resources */,
				7113BABC1FF3D5AB00806430 /* YPTransformView.storyboard in Resources */,
				7153CDAE1FA488D0003A3375 /* list.plist in Resources */,
				71D68E761F90F49100932B83 /* YPPageView.xib in Resources */,
				71FDEFD31FEBEE450081B1D7 /* CountryView.xib in Resources */,
				713ECAAD1FD030B900BBA43D /* LaunchScreen.storyboard in Resources */,
				714B26BE1FAF3BB600356E99 /* YPSetting.storyboard in Resources */,
				7109CC291F3859C500462EA8 /* MyMusicViewController.xib in Resources */,
				71EA123C1F454178005B52FC /* Assets.xcassets in Resources */,
			);
			runOnlyForDeploymentPostprocessing = 0;
		};
/* End PBXResourcesBuildPhase section */

/* Begin PBXSourcesBuildPhase section */
		7109CC041F38175200462EA8 /* Sources */ = {
			isa = PBXSourcesBuildPhase;
			buildActionMask = 2147483647;
			files = (
				713B0E661FE11997005AF7DD /* YPShoppingViewController.h in Sources */,
				71BC1F231FD7E4EA0026117D /* MASCompositeConstraint.h in Sources */,
				71BC1F241FD7E4EA0026117D /* MASCompositeConstraint.m in Sources */,
				71BC1F251FD7E4EA0026117D /* MASConstraint+Private.h in Sources */,
				71E12B7D2025AD9200170236 /* YPProgresViewController.m in Sources */,
				71BC1F261FD7E4EA0026117D /* MASConstraint.h in Sources */,
				71BC1F271FD7E4EA0026117D /* MASConstraint.m in Sources */,
				71BC1F281FD7E4EA0026117D /* MASConstraintMaker.h in Sources */,
				71BC1F291FD7E4EA0026117D /* MASConstraintMaker.m in Sources */,
				71BC1F4D1FD8129A0026117D /* YPRefurbishTableViewCell.m in Sources */,
				71BC1F2A1FD7E4EA0026117D /* MASLayoutConstraint.h in Sources */,
				71FDEFBE1FE931A20081B1D7 /* YPSettingTableViewController.m in Sources */,
				71FDEFCC1FEBE95C0081B1D7 /* Countryitem.m in Sources */,
				71BC1F471FD80AA70026117D /* YPRefurbishViewController.m in Sources */,
				71BC1F2B1FD7E4EA0026117D /* MASLayoutConstraint.m in Sources */,
				71BC1F2C1FD7E4EA0026117D /* Masonry.h in Sources */,
				71BC1F2D1FD7E4EA0026117D /* MASUtilities.h in Sources */,
				71BC1F2E1FD7E4EA0026117D /* MASViewAttribute.h in Sources */,
				713B0E691FE148D1005AF7DD /* YPShoppingCell.m in Sources */,
				71E12B722011A07100170236 /* YPhitButton.m in Sources */,
				71E12B822025AE8700170236 /* YPProgressView.m in Sources */,
				71BC1F2F1FD7E4EA0026117D /* MASViewAttribute.m in Sources */,
				71BC1F301FD7E4EA0026117D /* MASViewConstraint.h in Sources */,
				71BC1F311FD7E4EA0026117D /* MASViewConstraint.m in Sources */,
				71BC1F321FD7E4EA0026117D /* NSArray+MASAdditions.h in Sources */,
				71BC1F331FD7E4EA0026117D /* NSArray+MASAdditions.m in Sources */,
				71BC1F341FD7E4EA0026117D /* NSArray+MASShorthandAdditions.h in Sources */,
				71BC1F351FD7E4EA0026117D /* NSLayoutConstraint+MASDebugAdditions.h in Sources */,
				71BC1F361FD7E4EA0026117D /* NSLayoutConstraint+MASDebugAdditions.m in Sources */,
				71BC1F371FD7E4EA0026117D /* View+MASAdditions.h in Sources */,
				71BC1F421FD7EF370026117D /* YPDiscoverTabBarViewController.m in Sources */,
				71BC1F381FD7E4EA0026117D /* View+MASAdditions.m in Sources */,
				71BC1F391FD7E4EA0026117D /* View+MASShorthandAdditions.h in Sources */,
				71BC1F3A1FD7E4EA0026117D /* ViewController+MASAdditions.h in Sources */,
				71BC1F3B1FD7E4EA0026117D /* ViewController+MASAdditions.m in Sources */,
				71644F7F1FC55D6F00A1E9C1 /* MJExtension.h in Sources */,
				71644F801FC55D6F00A1E9C1 /* MJExtensionConst.h in Sources */,
				713B0E631FE10DF0005AF7DD /* YPShoppingViewController.m in Sources */,
				71644F811FC55D6F00A1E9C1 /* MJExtensionConst.m in Sources */,
				71644F821FC55D6F00A1E9C1 /* MJFoundation.h in Sources */,
				71644F831FC55D6F00A1E9C1 /* MJFoundation.m in Sources */,
				71644F841FC55D6F00A1E9C1 /* MJProperty.h in Sources */,
				71644F851FC55D6F00A1E9C1 /* MJProperty.m in Sources */,
				71BC1F511FD813130026117D /* YPWine.m in Sources */,
				71FDEFC21FEBD5060081B1D7 /* YPMySelfTableViewController.m in Sources */,
				7113BAC81FF4E6B100806430 /* YPhitTestView.m in Sources */,
				71644F861FC55D6F00A1E9C1 /* MJPropertyKey.h in Sources */,
				71644F871FC55D6F00A1E9C1 /* MJPropertyKey.m in Sources */,
				71644F881FC55D6F00A1E9C1 /* MJPropertyType.h in Sources */,
				7113BAC01FF4E52000806430 /* YPhitTestViewController.m in Sources */,
				7113BAB61FF3CDCC00806430 /* YPTransformView.m in Sources */,
				71644F891FC55D6F00A1E9C1 /* MJPropertyType.m in Sources */,
				7113BAB21FF10BB000806430 /* YPMySelfTableViewCell.m in Sources */,
				71644F8A1FC55D6F00A1E9C1 /* NSObject+MJClass.h in Sources */,
				71644F8B1FC55D6F00A1E9C1 /* NSObject+MJClass.m in Sources */,
				71644F8C1FC55D6F00A1E9C1 /* NSObject+MJCoding.h in Sources */,
				71644F8D1FC55D6F00A1E9C1 /* NSObject+MJCoding.m in Sources */,
				71644F8E1FC55D6F00A1E9C1 /* NSObject+MJKeyValue.h in Sources */,
				71644F8F1FC55D6F00A1E9C1 /* NSObject+MJKeyValue.m in Sources */,
				71644F901FC55D6F00A1E9C1 /* NSObject+MJProperty.h in Sources */,
				71644F911FC55D6F00A1E9C1 /* NSObject+MJProperty.m in Sources */,
				71644F921FC55D6F00A1E9C1 /* NSString+MJExtension.h in Sources */,
				71FDEFB71FE2637D0081B1D7 /* YPShoppingButton.m in Sources */,
				71644F931FC55D6F00A1E9C1 /* NSString+MJExtension.m in Sources */,
				71BC1EA01FD6E2760026117D /* YPTableBarViewController.m in Sources */,
				71FDEFCF1FEBED1F0081B1D7 /* YPMyselfCountryView.m in Sources */,
				714B26BC1FAF3B9700356E99 /* YPSetting.m in Sources */,
				7153CDB81FAA0E03003A3375 /* YPtgMode.m in Sources */,
				7153CDA91FA34F17003A3375 /* dict_mode.m in Sources */,
				719916411FB1C99F005056F7 /* YPStatusCell.m in Sources */,
				71FDEFC81FEBDDF90081B1D7 /* YPMySelfTextField.m in Sources */,
				7153CDBC1FAAB3B0003A3375 /* YPTGViewController.m in Sources */,
				7199163D1FB1C7A1005056F7 /* YPStatus.m in Sources */,
				71E12B792021753F00170236 /* YPDragerTableViewController.m in Sources */,
				71E12B762013323D00170236 /* YPDragerViewController.m in Sources */,
				714B26B71FAF343100356E99 /* YPAccountController.m in Sources */,
				7153CDAC1FA35071003A3375 /* Mode.m in Sources */,
				7153CDB51FAA042E003A3375 /* YPTGView.m in Sources */,
				7109CC101F38175200462EA8 /* AppDelegate.m in Sources */,
				7199163A1FB1C739005056F7 /* YPStatusViewController.m in Sources */,
				7102D4481F8F7C250018422C /* YPPageView.m in Sources */,
				7109CC281F3859C500462EA8 /* MyMusicViewController.m in Sources */,
				7109CC0D1F38175200462EA8 /* main.m in Sources */,
				7109CC2D1F385A2900462EA8 /* DiscoverViewController.m in Sources */,
			);
			runOnlyForDeploymentPostprocessing = 0;
		};
/* End PBXSourcesBuildPhase section */

/* Begin XCBuildConfiguration section */
		7109CC1D1F38175200462EA8 /* Debug */ = {
			isa = XCBuildConfiguration;
			buildSettings = {
				ALWAYS_SEARCH_USER_PATHS = NO;
				CLANG_ANALYZER_NONNULL = YES;
				CLANG_ANALYZER_NUMBER_OBJECT_CONVERSION = YES_AGGRESSIVE;
				CLANG_CXX_LANGUAGE_STANDARD = "gnu++0x";
				CLANG_CXX_LIBRARY = "libc++";
				CLANG_ENABLE_MODULES = YES;
				CLANG_ENABLE_OBJC_ARC = YES;
				CLANG_WARN_BLOCK_CAPTURE_AUTORELEASING = YES;
				CLANG_WARN_BOOL_CONVERSION = YES;
				CLANG_WARN_COMMA = YES;
				CLANG_WARN_CONSTANT_CONVERSION = YES;
				CLANG_WARN_DIRECT_OBJC_ISA_USAGE = YES_ERROR;
				CLANG_WARN_DOCUMENTATION_COMMENTS = YES;
				CLANG_WARN_EMPTY_BODY = YES;
				CLANG_WARN_ENUM_CONVERSION = YES;
				CLANG_WARN_INFINITE_RECURSION = YES;
				CLANG_WARN_INT_CONVERSION = YES;
				CLANG_WARN_NON_LITERAL_NULL_CONVERSION = YES;
				CLANG_WARN_OBJC_LITERAL_CONVERSION = YES;
				CLANG_WARN_OBJC_ROOT_CLASS = YES_ERROR;
				CLANG_WARN_RANGE_LOOP_ANALYSIS = YES;
				CLANG_WARN_STRICT_PROTOTYPES = YES;
				CLANG_WARN_SUSPICIOUS_MOVE = YES;
				CLANG_WARN_UNREACHABLE_CODE = YES;
				CLANG_WARN__DUPLICATE_METHOD_MATCH = YES;
				"CODE_SIGN_IDENTITY[sdk=iphoneos*]" = "iPhone Developer";
				COPY_PHASE_STRIP = NO;
				DEBUG_INFORMATION_FORMAT = dwarf;
				ENABLE_STRICT_OBJC_MSGSEND = YES;
				ENABLE_TESTABILITY = YES;
				GCC_C_LANGUAGE_STANDARD = gnu99;
				GCC_DYNAMIC_NO_PIC = NO;
				GCC_NO_COMMON_BLOCKS = YES;
				GCC_OPTIMIZATION_LEVEL = 0;
				GCC_PREPROCESSOR_DEFINITIONS = (
					"DEBUG=1",
					"$(inherited)",
				);
				GCC_WARN_64_TO_32_BIT_CONVERSION = YES;
				GCC_WARN_ABOUT_RETURN_TYPE = YES_ERROR;
				GCC_WARN_UNDECLARED_SELECTOR = YES;
				GCC_WARN_UNINITIALIZED_AUTOS = YES_AGGRESSIVE;
				GCC_WARN_UNUSED_FUNCTION = YES;
				GCC_WARN_UNUSED_VARIABLE = YES;
				IPHONEOS_DEPLOYMENT_TARGET = 10.3;
				MTL_ENABLE_DEBUG_INFO = YES;
				ONLY_ACTIVE_ARCH = YES;
				SDKROOT = iphoneos;
			};
			name = Debug;
		};
		7109CC1E1F38175200462EA8 /* Release */ = {
			isa = XCBuildConfiguration;
			buildSettings = {
				ALWAYS_SEARCH_USER_PATHS = NO;
				CLANG_ANALYZER_NONNULL = YES;
				CLANG_ANALYZER_NUMBER_OBJECT_CONVERSION = YES_AGGRESSIVE;
				CLANG_CXX_LANGUAGE_STANDARD = "gnu++0x";
				CLANG_CXX_LIBRARY = "libc++";
				CLANG_ENABLE_MODULES = YES;
				CLANG_ENABLE_OBJC_ARC = YES;
				CLANG_WARN_BLOCK_CAPTURE_AUTORELEASING = YES;
				CLANG_WARN_BOOL_CONVERSION = YES;
				CLANG_WARN_COMMA = YES;
				CLANG_WARN_CONSTANT_CONVERSION = YES;
				CLANG_WARN_DIRECT_OBJC_ISA_USAGE = YES_ERROR;
				CLANG_WARN_DOCUMENTATION_COMMENTS = YES;
				CLANG_WARN_EMPTY_BODY = YES;
				CLANG_WARN_ENUM_CONVERSION = YES;
				CLANG_WARN_INFINITE_RECURSION = YES;
				CLANG_WARN_INT_CONVERSION = YES;
				CLANG_WARN_NON_LITERAL_NULL_CONVERSION = YES;
				CLANG_WARN_OBJC_LITERAL_CONVERSION = YES;
				CLANG_WARN_OBJC_ROOT_CLASS = YES_ERROR;
				CLANG_WARN_RANGE_LOOP_ANALYSIS = YES;
				CLANG_WARN_STRICT_PROTOTYPES = YES;
				CLANG_WARN_SUSPICIOUS_MOVE = YES;
				CLANG_WARN_UNREACHABLE_CODE = YES;
				CLANG_WARN__DUPLICATE_METHOD_MATCH = YES;
				"CODE_SIGN_IDENTITY[sdk=iphoneos*]" = "iPhone Developer";
				COPY_PHASE_STRIP = NO;
				DEBUG_INFORMATION_FORMAT = "dwarf-with-dsym";
				ENABLE_NS_ASSERTIONS = NO;
				ENABLE_STRICT_OBJC_MSGSEND = YES;
				GCC_C_LANGUAGE_STANDARD = gnu99;
				GCC_NO_COMMON_BLOCKS = YES;
				GCC_WARN_64_TO_32_BIT_CONVERSION = YES;
				GCC_WARN_ABOUT_RETURN_TYPE = YES_ERROR;
				GCC_WARN_UNDECLARED_SELECTOR = YES;
				GCC_WARN_UNINITIALIZED_AUTOS = YES_AGGRESSIVE;
				GCC_WARN_UNUSED_FUNCTION = YES;
				GCC_WARN_UNUSED_VARIABLE = YES;
				IPHONEOS_DEPLOYMENT_TARGET = 10.3;
				MTL_ENABLE_DEBUG_INFO = NO;
				SDKROOT = iphoneos;
				VALIDATE_PRODUCT = YES;
			};
			name = Release;
		};
		7109CC201F38175200462EA8 /* Debug */ = {
			isa = XCBuildConfiguration;
			buildSettings = {
				ASSETCATALOG_COMPILER_APPICON_NAME = AppIcon;
				DEVELOPMENT_TEAM = 5YG45F3PV4;
				INFOPLIST_FILE = "银鹏测试APP/Info.plist";
				IPHONEOS_DEPLOYMENT_TARGET = 10.0;
				LD_RUNPATH_SEARCH_PATHS = "$(inherited) @executable_path/Frameworks";
				LIBRARY_SEARCH_PATHS = "";
				OTHER_LDFLAGS = "";
				PRODUCT_BUNDLE_IDENTIFIER = "io.github.YinPengD.----APP";
				PRODUCT_NAME = "$(TARGET_NAME)";
			};
			name = Debug;
		};
		7109CC211F38175200462EA8 /* Release */ = {
			isa = XCBuildConfiguration;
			buildSettings = {
				ASSETCATALOG_COMPILER_APPICON_NAME = AppIcon;
				DEVELOPMENT_TEAM = 5YG45F3PV4;
				INFOPLIST_FILE = "银鹏测试APP/Info.plist";
				IPHONEOS_DEPLOYMENT_TARGET = 10.0;
				LD_RUNPATH_SEARCH_PATHS = "$(inherited) @executable_path/Frameworks";
				LIBRARY_SEARCH_PATHS = "";
				OTHER_LDFLAGS = "";
				PRODUCT_BUNDLE_IDENTIFIER = "io.github.YinPengD.----APP";
				PRODUCT_NAME = "$(TARGET_NAME)";
			};
			name = Release;
		};
/* End XCBuildConfiguration section */

/* Begin XCConfigurationList section */
		7109CC031F38175200462EA8 /* Build configuration list for PBXProject "银鹏测试APP" */ = {
			isa = XCConfigurationList;
			buildConfigurations = (
				7109CC1D1F38175200462EA8 /* Debug */,
				7109CC1E1F38175200462EA8 /* Release */,
			);
			defaultConfigurationIsVisible = 0;
			defaultConfigurationName = Release;
		};
		7109CC1F1F38175200462EA8 /* Build configuration list for PBXNativeTarget "银鹏测试APP" */ = {
			isa = XCConfigurationList;
			buildConfigurations = (
				7109CC201F38175200462EA8 /* Debug */,
				7109CC211F38175200462EA8 /* Release */,
			);
			defaultConfigurationIsVisible = 0;
			defaultConfigurationName = Release;
		};
/* End XCConfigurationList section */
	};
	rootObject = 7109CC001F38175200462EA8 /* Project object */;
}
